{
  "version": 4,
  "terraform_version": "1.0.4",
  "serial": 6,
  "lineage": "8be5afd4-c97a-b24d-9d43-0be964310efe",
  "outputs": {
    "generated_user_password": {
      "value": "b1afbb6fb1e003de",
      "type": "string",
      "sensitive": true
    },
    "instance_connection_name": {
      "value": "digital-microservices-prod:us-east4:clientapi-cte-mysql",
      "type": "string"
    },
    "instance_first_ip_address": {
      "value": "10.158.253.9",
      "type": "string"
    },
    "instance_ip_address": {
      "value": [
        {
          "ip_address": "10.158.253.9",
          "time_to_retire": "",
          "type": "PRIVATE"
        }
      ],
      "type": [
        "list",
        [
          "object",
          {
            "ip_address": "string",
            "time_to_retire": "string",
            "type": "string"
          }
        ]
      ]
    },
    "instance_name": {
      "value": "clientapi-cte-mysql",
      "type": "string"
    },
    "instance_self_link": {
      "value": "https://sqladmin.googleapis.com/sql/v1beta4/projects/digital-microservices-prod/instances/clientapi-cte-mysql",
      "type": "string"
    },
    "instance_server_ca_cert": {
      "value": [
        {
          "cert": "-----BEGIN CERTIFICATE-----\nMIIDfzCCAmegAwIBAgIBADANBgkqhkiG9w0BAQsFADB3MS0wKwYDVQQuEyRkOTkx\nMmU5Ny1lYjQ1LTRiN2MtOTJiYi1kYjM0MTNmMTdhYTYxIzAhBgNVBAMTGkdvb2ds\nZSBDbG91ZCBTUUwgU2VydmVyIENBMRQwEgYDVQQKEwtHb29nbGUsIEluYzELMAkG\nA1UEBhMCVVMwHhcNMjExMDEzMDIzODMzWhcNMzExMDExMDIzOTMzWjB3MS0wKwYD\nVQQuEyRkOTkxMmU5Ny1lYjQ1LTRiN2MtOTJiYi1kYjM0MTNmMTdhYTYxIzAhBgNV\nBAMTGkdvb2dsZSBDbG91ZCBTUUwgU2VydmVyIENBMRQwEgYDVQQKEwtHb29nbGUs\nIEluYzELMAkGA1UEBhMCVVMwggEiMA0GCSqGSIb3DQEBAQUAA4IBDwAwggEKAoIB\nAQCCIRCMUuj++YC2KeHINNVl9YqhPklweTSmlWMVSFqa2tYAOPVqiWX+qaMcJkfM\nR0aXjnPfM532XBc2cRkRrB423GFb1nST2DtnYkzvf9KaGEK+fLLID20k0dmG4xH8\n4/lT4RGiBIZkf3ko1VVSyySFmWtaEGMKNLaGuHfdMXvIiJo+dCB13qBKV4zbERon\n5uICyiGSN9OmpEzYkyymV53f2G2A/5T6UKpL5p9veStT8dPAOf1SE0SsRIq9mvyV\nqZpGQ8A00cxefJKD7C1QTJ7/yicy5bfdNsscCDjALnj2VGZgGSnFEeUWmInQWO4R\nfK8Mt1UYzyMBT1xAlTEWVMINAgMBAAGjFjAUMBIGA1UdEwEB/wQIMAYBAf8CAQAw\nDQYJKoZIhvcNAQELBQADggEBAF0TTKKT0IYBolW5+MfsZ/8Zcttm9EkDWj9UgwiE\np8JTFWKVcv+HXjcz+GMSXfhgwFFx3gmofUUqZkb7FlH2PcXWNcBy5wXv7Q9OYZav\n8d2dYDjA7ArtRLSLrkbqoXyKtb5GsGdPspWNcN+WnSVA0aRotQ1voqfmrX5IwDrc\n/2m+PiWIuKuMFmlr3EALCxRUkUt+KGHYxwDOpuKYRvzB4sUHwHffJeqpf19CXehT\n/0uLDd2XJolXrmC5qqYNVY9RupN3AjxVT5xWnhAIg5Yc7gFCNdby3R9m/MAewF4Q\n0A8YlMvwZPfxkH9gzTMbJXI3BzSmT656jNOessRpQaoL1Xk=\n-----END CERTIFICATE-----",
          "common_name": "C=US,O=Google\\, Inc,CN=Google Cloud SQL Server CA,dnQualifier=d9912e97-eb45-4b7c-92bb-db3413f17aa6",
          "create_time": "2021-10-13T02:38:33.929Z",
          "expiration_time": "2031-10-11T02:39:33.929Z",
          "sha1_fingerprint": "3fea0c8b5546ca462ece6fb7830d440bcf7c641d"
        }
      ],
      "type": [
        "list",
        [
          "object",
          {
            "cert": "string",
            "common_name": "string",
            "create_time": "string",
            "expiration_time": "string",
            "sha1_fingerprint": "string"
          }
        ]
      ]
    },
    "instance_service_account_email_address": {
      "value": "p839689824562-mygi9f@gcp-sa-cloud-sql.iam.gserviceaccount.com",
      "type": "string"
    },
    "instances": {
      "value": [
        {
          "clone": [],
          "connection_name": "digital-microservices-prod:us-east4:clientapi-cte-mysql",
          "database_version": "MYSQL_8_0",
          "deletion_protection": false,
          "encryption_key_name": null,
          "first_ip_address": "10.158.253.9",
          "id": "clientapi-cte-mysql",
          "ip_address": [
            {
              "ip_address": "10.158.253.9",
              "time_to_retire": "",
              "type": "PRIVATE"
            }
          ],
          "master_instance_name": "",
          "name": "clientapi-cte-mysql",
          "private_ip_address": "10.158.253.9",
          "project": "digital-microservices-prod",
          "public_ip_address": "",
          "region": "us-east4",
          "replica_configuration": [],
          "restore_backup_context": [],
          "root_password": null,
          "self_link": "https://sqladmin.googleapis.com/sql/v1beta4/projects/digital-microservices-prod/instances/clientapi-cte-mysql",
          "server_ca_cert": [
            {
              "cert": "-----BEGIN CERTIFICATE-----\nMIIDfzCCAmegAwIBAgIBADANBgkqhkiG9w0BAQsFADB3MS0wKwYDVQQuEyRkOTkx\nMmU5Ny1lYjQ1LTRiN2MtOTJiYi1kYjM0MTNmMTdhYTYxIzAhBgNVBAMTGkdvb2ds\nZSBDbG91ZCBTUUwgU2VydmVyIENBMRQwEgYDVQQKEwtHb29nbGUsIEluYzELMAkG\nA1UEBhMCVVMwHhcNMjExMDEzMDIzODMzWhcNMzExMDExMDIzOTMzWjB3MS0wKwYD\nVQQuEyRkOTkxMmU5Ny1lYjQ1LTRiN2MtOTJiYi1kYjM0MTNmMTdhYTYxIzAhBgNV\nBAMTGkdvb2dsZSBDbG91ZCBTUUwgU2VydmVyIENBMRQwEgYDVQQKEwtHb29nbGUs\nIEluYzELMAkGA1UEBhMCVVMwggEiMA0GCSqGSIb3DQEBAQUAA4IBDwAwggEKAoIB\nAQCCIRCMUuj++YC2KeHINNVl9YqhPklweTSmlWMVSFqa2tYAOPVqiWX+qaMcJkfM\nR0aXjnPfM532XBc2cRkRrB423GFb1nST2DtnYkzvf9KaGEK+fLLID20k0dmG4xH8\n4/lT4RGiBIZkf3ko1VVSyySFmWtaEGMKNLaGuHfdMXvIiJo+dCB13qBKV4zbERon\n5uICyiGSN9OmpEzYkyymV53f2G2A/5T6UKpL5p9veStT8dPAOf1SE0SsRIq9mvyV\nqZpGQ8A00cxefJKD7C1QTJ7/yicy5bfdNsscCDjALnj2VGZgGSnFEeUWmInQWO4R\nfK8Mt1UYzyMBT1xAlTEWVMINAgMBAAGjFjAUMBIGA1UdEwEB/wQIMAYBAf8CAQAw\nDQYJKoZIhvcNAQELBQADggEBAF0TTKKT0IYBolW5+MfsZ/8Zcttm9EkDWj9UgwiE\np8JTFWKVcv+HXjcz+GMSXfhgwFFx3gmofUUqZkb7FlH2PcXWNcBy5wXv7Q9OYZav\n8d2dYDjA7ArtRLSLrkbqoXyKtb5GsGdPspWNcN+WnSVA0aRotQ1voqfmrX5IwDrc\n/2m+PiWIuKuMFmlr3EALCxRUkUt+KGHYxwDOpuKYRvzB4sUHwHffJeqpf19CXehT\n/0uLDd2XJolXrmC5qqYNVY9RupN3AjxVT5xWnhAIg5Yc7gFCNdby3R9m/MAewF4Q\n0A8YlMvwZPfxkH9gzTMbJXI3BzSmT656jNOessRpQaoL1Xk=\n-----END CERTIFICATE-----",
              "common_name": "C=US,O=Google\\, Inc,CN=Google Cloud SQL Server CA,dnQualifier=d9912e97-eb45-4b7c-92bb-db3413f17aa6",
              "create_time": "2021-10-13T02:38:33.929Z",
              "expiration_time": "2031-10-11T02:39:33.929Z",
              "sha1_fingerprint": "3fea0c8b5546ca462ece6fb7830d440bcf7c641d"
            }
          ],
          "service_account_email_address": "p839689824562-mygi9f@gcp-sa-cloud-sql.iam.gserviceaccount.com",
          "settings": [
            {
              "activation_policy": "ALWAYS",
              "authorized_gae_applications": [],
              "availability_type": "ZONAL",
              "backup_configuration": [
                {
                  "backup_retention_settings": [
                    {
                      "retained_backups": 7,
                      "retention_unit": "COUNT"
                    }
                  ],
                  "binary_log_enabled": false,
                  "enabled": false,
                  "location": "",
                  "point_in_time_recovery_enabled": false,
                  "start_time": "04:00",
                  "transaction_log_retention_days": 7
                }
              ],
              "collation": "",
              "crash_safe_replication": false,
              "database_flags": [],
              "disk_autoresize": true,
              "disk_autoresize_limit": 0,
              "disk_size": 10,
              "disk_type": "PD_SSD",
              "insights_config": [],
              "ip_configuration": [
                {
                  "authorized_networks": [],
                  "ipv4_enabled": false,
                  "private_network": "projects/vpc-equinix-cvs/global/networks/vpc-cvs-hub-nonprod-1",
                  "require_ssl": false
                }
              ],
              "location_preference": [
                {
                  "follow_gae_application": "",
                  "zone": "us-east4-b"
                }
              ],
              "maintenance_window": [
                {
                  "day": 6,
                  "hour": 23,
                  "update_track": "canary"
                }
              ],
              "pricing_plan": "PER_USE",
              "replication_type": "SYNCHRONOUS",
              "tier": "db-n1-standard-1",
              "user_labels": {
                "app": "clientapi",
                "costcenter": "digital",
                "env": "cte",
                "itpr": "itpr048274"
              },
              "version": 1
            }
          ],
          "timeouts": {
            "create": "10m",
            "delete": "10m",
            "update": "10m"
          }
        }
      ],
      "type": [
        "tuple",
        [
          [
            "object",
            {
              "clone": [
                "list",
                [
                  "object",
                  {
                    "point_in_time": "string",
                    "source_instance_name": "string"
                  }
                ]
              ],
              "connection_name": "string",
              "database_version": "string",
              "deletion_protection": "bool",
              "encryption_key_name": "string",
              "first_ip_address": "string",
              "id": "string",
              "ip_address": [
                "list",
                [
                  "object",
                  {
                    "ip_address": "string",
                    "time_to_retire": "string",
                    "type": "string"
                  }
                ]
              ],
              "master_instance_name": "string",
              "name": "string",
              "private_ip_address": "string",
              "project": "string",
              "public_ip_address": "string",
              "region": "string",
              "replica_configuration": [
                "list",
                [
                  "object",
                  {
                    "ca_certificate": "string",
                    "client_certificate": "string",
                    "client_key": "string",
                    "connect_retry_interval": "number",
                    "dump_file_path": "string",
                    "failover_target": "bool",
                    "master_heartbeat_period": "number",
                    "password": "string",
                    "ssl_cipher": "string",
                    "username": "string",
                    "verify_server_certificate": "bool"
                  }
                ]
              ],
              "restore_backup_context": [
                "list",
                [
                  "object",
                  {
                    "backup_run_id": "number",
                    "instance_id": "string",
                    "project": "string"
                  }
                ]
              ],
              "root_password": "string",
              "self_link": "string",
              "server_ca_cert": [
                "list",
                [
                  "object",
                  {
                    "cert": "string",
                    "common_name": "string",
                    "create_time": "string",
                    "expiration_time": "string",
                    "sha1_fingerprint": "string"
                  }
                ]
              ],
              "service_account_email_address": "string",
              "settings": [
                "list",
                [
                  "object",
                  {
                    "activation_policy": "string",
                    "authorized_gae_applications": [
                      "list",
                      "string"
                    ],
                    "availability_type": "string",
                    "backup_configuration": [
                      "list",
                      [
                        "object",
                        {
                          "backup_retention_settings": [
                            "list",
                            [
                              "object",
                              {
                                "retained_backups": "number",
                                "retention_unit": "string"
                              }
                            ]
                          ],
                          "binary_log_enabled": "bool",
                          "enabled": "bool",
                          "location": "string",
                          "point_in_time_recovery_enabled": "bool",
                          "start_time": "string",
                          "transaction_log_retention_days": "number"
                        }
                      ]
                    ],
                    "collation": "string",
                    "crash_safe_replication": "bool",
                    "database_flags": [
                      "list",
                      [
                        "object",
                        {
                          "name": "string",
                          "value": "string"
                        }
                      ]
                    ],
                    "disk_autoresize": "bool",
                    "disk_autoresize_limit": "number",
                    "disk_size": "number",
                    "disk_type": "string",
                    "insights_config": [
                      "list",
                      [
                        "object",
                        {
                          "query_insights_enabled": "bool",
                          "query_string_length": "number",
                          "record_application_tags": "bool",
                          "record_client_address": "bool"
                        }
                      ]
                    ],
                    "ip_configuration": [
                      "list",
                      [
                        "object",
                        {
                          "authorized_networks": [
                            "set",
                            [
                              "object",
                              {
                                "expiration_time": "string",
                                "name": "string",
                                "value": "string"
                              }
                            ]
                          ],
                          "ipv4_enabled": "bool",
                          "private_network": "string",
                          "require_ssl": "bool"
                        }
                      ]
                    ],
                    "location_preference": [
                      "list",
                      [
                        "object",
                        {
                          "follow_gae_application": "string",
                          "zone": "string"
                        }
                      ]
                    ],
                    "maintenance_window": [
                      "list",
                      [
                        "object",
                        {
                          "day": "number",
                          "hour": "number",
                          "update_track": "string"
                        }
                      ]
                    ],
                    "pricing_plan": "string",
                    "replication_type": "string",
                    "tier": "string",
                    "user_labels": [
                      "map",
                      "string"
                    ],
                    "version": "number"
                  }
                ]
              ],
              "timeouts": [
                "object",
                {
                  "create": "string",
                  "delete": "string",
                  "update": "string"
                }
              ]
            }
          ]
        ]
      ],
      "sensitive": true
    },
    "primary": {
      "value": {
        "clone": [],
        "connection_name": "digital-microservices-prod:us-east4:clientapi-cte-mysql",
        "database_version": "MYSQL_8_0",
        "deletion_protection": false,
        "encryption_key_name": null,
        "first_ip_address": "10.158.253.9",
        "id": "clientapi-cte-mysql",
        "ip_address": [
          {
            "ip_address": "10.158.253.9",
            "time_to_retire": "",
            "type": "PRIVATE"
          }
        ],
        "master_instance_name": "",
        "name": "clientapi-cte-mysql",
        "private_ip_address": "10.158.253.9",
        "project": "digital-microservices-prod",
        "public_ip_address": "",
        "region": "us-east4",
        "replica_configuration": [],
        "restore_backup_context": [],
        "root_password": null,
        "self_link": "https://sqladmin.googleapis.com/sql/v1beta4/projects/digital-microservices-prod/instances/clientapi-cte-mysql",
        "server_ca_cert": [
          {
            "cert": "-----BEGIN CERTIFICATE-----\nMIIDfzCCAmegAwIBAgIBADANBgkqhkiG9w0BAQsFADB3MS0wKwYDVQQuEyRkOTkx\nMmU5Ny1lYjQ1LTRiN2MtOTJiYi1kYjM0MTNmMTdhYTYxIzAhBgNVBAMTGkdvb2ds\nZSBDbG91ZCBTUUwgU2VydmVyIENBMRQwEgYDVQQKEwtHb29nbGUsIEluYzELMAkG\nA1UEBhMCVVMwHhcNMjExMDEzMDIzODMzWhcNMzExMDExMDIzOTMzWjB3MS0wKwYD\nVQQuEyRkOTkxMmU5Ny1lYjQ1LTRiN2MtOTJiYi1kYjM0MTNmMTdhYTYxIzAhBgNV\nBAMTGkdvb2dsZSBDbG91ZCBTUUwgU2VydmVyIENBMRQwEgYDVQQKEwtHb29nbGUs\nIEluYzELMAkGA1UEBhMCVVMwggEiMA0GCSqGSIb3DQEBAQUAA4IBDwAwggEKAoIB\nAQCCIRCMUuj++YC2KeHINNVl9YqhPklweTSmlWMVSFqa2tYAOPVqiWX+qaMcJkfM\nR0aXjnPfM532XBc2cRkRrB423GFb1nST2DtnYkzvf9KaGEK+fLLID20k0dmG4xH8\n4/lT4RGiBIZkf3ko1VVSyySFmWtaEGMKNLaGuHfdMXvIiJo+dCB13qBKV4zbERon\n5uICyiGSN9OmpEzYkyymV53f2G2A/5T6UKpL5p9veStT8dPAOf1SE0SsRIq9mvyV\nqZpGQ8A00cxefJKD7C1QTJ7/yicy5bfdNsscCDjALnj2VGZgGSnFEeUWmInQWO4R\nfK8Mt1UYzyMBT1xAlTEWVMINAgMBAAGjFjAUMBIGA1UdEwEB/wQIMAYBAf8CAQAw\nDQYJKoZIhvcNAQELBQADggEBAF0TTKKT0IYBolW5+MfsZ/8Zcttm9EkDWj9UgwiE\np8JTFWKVcv+HXjcz+GMSXfhgwFFx3gmofUUqZkb7FlH2PcXWNcBy5wXv7Q9OYZav\n8d2dYDjA7ArtRLSLrkbqoXyKtb5GsGdPspWNcN+WnSVA0aRotQ1voqfmrX5IwDrc\n/2m+PiWIuKuMFmlr3EALCxRUkUt+KGHYxwDOpuKYRvzB4sUHwHffJeqpf19CXehT\n/0uLDd2XJolXrmC5qqYNVY9RupN3AjxVT5xWnhAIg5Yc7gFCNdby3R9m/MAewF4Q\n0A8YlMvwZPfxkH9gzTMbJXI3BzSmT656jNOessRpQaoL1Xk=\n-----END CERTIFICATE-----",
            "common_name": "C=US,O=Google\\, Inc,CN=Google Cloud SQL Server CA,dnQualifier=d9912e97-eb45-4b7c-92bb-db3413f17aa6",
            "create_time": "2021-10-13T02:38:33.929Z",
            "expiration_time": "2031-10-11T02:39:33.929Z",
            "sha1_fingerprint": "3fea0c8b5546ca462ece6fb7830d440bcf7c641d"
          }
        ],
        "service_account_email_address": "p839689824562-mygi9f@gcp-sa-cloud-sql.iam.gserviceaccount.com",
        "settings": [
          {
            "activation_policy": "ALWAYS",
            "authorized_gae_applications": [],
            "availability_type": "ZONAL",
            "backup_configuration": [
              {
                "backup_retention_settings": [
                  {
                    "retained_backups": 7,
                    "retention_unit": "COUNT"
                  }
                ],
                "binary_log_enabled": false,
                "enabled": false,
                "location": "",
                "point_in_time_recovery_enabled": false,
                "start_time": "04:00",
                "transaction_log_retention_days": 7
              }
            ],
            "collation": "",
            "crash_safe_replication": false,
            "database_flags": [],
            "disk_autoresize": true,
            "disk_autoresize_limit": 0,
            "disk_size": 10,
            "disk_type": "PD_SSD",
            "insights_config": [],
            "ip_configuration": [
              {
                "authorized_networks": [],
                "ipv4_enabled": false,
                "private_network": "projects/vpc-equinix-cvs/global/networks/vpc-cvs-hub-nonprod-1",
                "require_ssl": false
              }
            ],
            "location_preference": [
              {
                "follow_gae_application": "",
                "zone": "us-east4-b"
              }
            ],
            "maintenance_window": [
              {
                "day": 6,
                "hour": 23,
                "update_track": "canary"
              }
            ],
            "pricing_plan": "PER_USE",
            "replication_type": "SYNCHRONOUS",
            "tier": "db-n1-standard-1",
            "user_labels": {
              "app": "clientapi",
              "costcenter": "digital",
              "env": "cte",
              "itpr": "itpr048274"
            },
            "version": 1
          }
        ],
        "timeouts": {
          "create": "10m",
          "delete": "10m",
          "update": "10m"
        }
      },
      "type": [
        "object",
        {
          "clone": [
            "list",
            [
              "object",
              {
                "point_in_time": "string",
                "source_instance_name": "string"
              }
            ]
          ],
          "connection_name": "string",
          "database_version": "string",
          "deletion_protection": "bool",
          "encryption_key_name": "string",
          "first_ip_address": "string",
          "id": "string",
          "ip_address": [
            "list",
            [
              "object",
              {
                "ip_address": "string",
                "time_to_retire": "string",
                "type": "string"
              }
            ]
          ],
          "master_instance_name": "string",
          "name": "string",
          "private_ip_address": "string",
          "project": "string",
          "public_ip_address": "string",
          "region": "string",
          "replica_configuration": [
            "list",
            [
              "object",
              {
                "ca_certificate": "string",
                "client_certificate": "string",
                "client_key": "string",
                "connect_retry_interval": "number",
                "dump_file_path": "string",
                "failover_target": "bool",
                "master_heartbeat_period": "number",
                "password": "string",
                "ssl_cipher": "string",
                "username": "string",
                "verify_server_certificate": "bool"
              }
            ]
          ],
          "restore_backup_context": [
            "list",
            [
              "object",
              {
                "backup_run_id": "number",
                "instance_id": "string",
                "project": "string"
              }
            ]
          ],
          "root_password": "string",
          "self_link": "string",
          "server_ca_cert": [
            "list",
            [
              "object",
              {
                "cert": "string",
                "common_name": "string",
                "create_time": "string",
                "expiration_time": "string",
                "sha1_fingerprint": "string"
              }
            ]
          ],
          "service_account_email_address": "string",
          "settings": [
            "list",
            [
              "object",
              {
                "activation_policy": "string",
                "authorized_gae_applications": [
                  "list",
                  "string"
                ],
                "availability_type": "string",
                "backup_configuration": [
                  "list",
                  [
                    "object",
                    {
                      "backup_retention_settings": [
                        "list",
                        [
                          "object",
                          {
                            "retained_backups": "number",
                            "retention_unit": "string"
                          }
                        ]
                      ],
                      "binary_log_enabled": "bool",
                      "enabled": "bool",
                      "location": "string",
                      "point_in_time_recovery_enabled": "bool",
                      "start_time": "string",
                      "transaction_log_retention_days": "number"
                    }
                  ]
                ],
                "collation": "string",
                "crash_safe_replication": "bool",
                "database_flags": [
                  "list",
                  [
                    "object",
                    {
                      "name": "string",
                      "value": "string"
                    }
                  ]
                ],
                "disk_autoresize": "bool",
                "disk_autoresize_limit": "number",
                "disk_size": "number",
                "disk_type": "string",
                "insights_config": [
                  "list",
                  [
                    "object",
                    {
                      "query_insights_enabled": "bool",
                      "query_string_length": "number",
                      "record_application_tags": "bool",
                      "record_client_address": "bool"
                    }
                  ]
                ],
                "ip_configuration": [
                  "list",
                  [
                    "object",
                    {
                      "authorized_networks": [
                        "set",
                        [
                          "object",
                          {
                            "expiration_time": "string",
                            "name": "string",
                            "value": "string"
                          }
                        ]
                      ],
                      "ipv4_enabled": "bool",
                      "private_network": "string",
                      "require_ssl": "bool"
                    }
                  ]
                ],
                "location_preference": [
                  "list",
                  [
                    "object",
                    {
                      "follow_gae_application": "string",
                      "zone": "string"
                    }
                  ]
                ],
                "maintenance_window": [
                  "list",
                  [
                    "object",
                    {
                      "day": "number",
                      "hour": "number",
                      "update_track": "string"
                    }
                  ]
                ],
                "pricing_plan": "string",
                "replication_type": "string",
                "tier": "string",
                "user_labels": [
                  "map",
                  "string"
                ],
                "version": "number"
              }
            ]
          ],
          "timeouts": [
            "object",
            {
              "create": "string",
              "delete": "string",
              "update": "string"
            }
          ]
        }
      ],
      "sensitive": true
    },
    "private_address": {
      "value": "10.158.253.9",
      "type": "string"
    },
    "private_ip_address": {
      "value": "10.158.253.9",
      "type": "string"
    },
    "public_ip_address": {
      "value": "",
      "type": "string"
    },
    "read_replica_instance_names": {
      "value": [],
      "type": [
        "tuple",
        []
      ]
    },
    "replicas": {
      "value": [],
      "type": [
        "tuple",
        []
      ]
    },
    "replicas_instance_connection_names": {
      "value": [],
      "type": [
        "tuple",
        []
      ]
    },
    "replicas_instance_first_ip_addresses": {
      "value": [],
      "type": [
        "tuple",
        []
      ]
    },
    "replicas_instance_self_links": {
      "value": [],
      "type": [
        "tuple",
        []
      ]
    },
    "replicas_instance_server_ca_certs": {
      "value": [],
      "type": [
        "tuple",
        []
      ]
    },
    "replicas_instance_service_account_email_addresses": {
      "value": [],
      "type": [
        "tuple",
        []
      ]
    }
  },
  "resources": [
    {
      "mode": "data",
      "type": "google_compute_network",
      "name": "mysql_network",
      "provider": "provider[\"registry.terraform.io/hashicorp/google\"]",
      "instances": [
        {
          "schema_version": 0,
          "attributes": {
            "description": "",
            "gateway_ipv4": "",
            "id": "projects/vpc-equinix-cvs/global/networks/vpc-cvs-hub-nonprod-1",
            "name": "vpc-cvs-hub-nonprod-1",
            "project": "vpc-equinix-cvs",
            "self_link": "https://www.googleapis.com/compute/v1/projects/vpc-equinix-cvs/global/networks/vpc-cvs-hub-nonprod-1",
            "subnetworks_self_links": [
              "https://www.googleapis.com/compute/v1/projects/vpc-equinix-cvs/regions/us-east4/subnetworks/sn-cvs-use4-dig-pbm-rx-sit-gke",
              "https://www.googleapis.com/compute/v1/projects/vpc-equinix-cvs/regions/us-east4/subnetworks/sn-cvs-use4-firewall-dev",
              "https://www.googleapis.com/compute/v1/projects/vpc-equinix-cvs/regions/us-west2/subnetworks/sn-cvs-usw2-dig-ret-rx-ice-pt-gke",
              "https://www.googleapis.com/compute/v1/projects/vpc-equinix-cvs/regions/us-east4/subnetworks/sn-cvs-use4-dig-apg-test",
              "https://www.googleapis.com/compute/v1/projects/vpc-equinix-cvs/regions/us-east4/subnetworks/sn-cvs-use4-dig-pbm-rx-dev-gke",
              "https://www.googleapis.com/compute/v1/projects/vpc-equinix-cvs/regions/us-east4/subnetworks/sn-cvs-use4-dig-sub-gke-pt",
              "https://www.googleapis.com/compute/v1/projects/vpc-equinix-cvs/regions/us-west2/subnetworks/sn-cvs-usw2-dig-spec-rx-cq-pt-dr",
              "https://www.googleapis.com/compute/v1/projects/vpc-equinix-cvs/regions/us-east4/subnetworks/sn-cvs-use4-dig-avs-qa-gke",
              "https://www.googleapis.com/compute/v1/projects/vpc-equinix-cvs/regions/us-east4/subnetworks/sn-cvs-use4-dig-ms-gke-sbx",
              "https://www.googleapis.com/compute/v1/projects/vpc-equinix-cvs/regions/us-east4/subnetworks/sn-cvs-use4-dig-avs-gke-pt",
              "https://www.googleapis.com/compute/v1/projects/vpc-equinix-cvs/regions/us-west2/subnetworks/sn-cvs-nb-usw2-dig-msg-gke-lab",
              "https://www.googleapis.com/compute/v1/projects/vpc-equinix-cvs/regions/us-east4/subnetworks/sn-cvs-use4-dig-subscr-gke-dev",
              "https://www.googleapis.com/compute/v1/projects/vpc-equinix-cvs/regions/us-east4/subnetworks/sn-cvs-use4-pbm-epa-psot-vpcconn-uat",
              "https://www.googleapis.com/compute/v1/projects/vpc-equinix-cvs/regions/us-east4/subnetworks/sn-cvs-use4-dig-ret-rx-ice-qa-gke",
              "https://www.googleapis.com/compute/v1/projects/vpc-equinix-cvs/regions/us-east4/subnetworks/sn-cvs-use4-dig-ms-gke-prod",
              "https://www.googleapis.com/compute/v1/projects/vpc-equinix-cvs/regions/us-east4/subnetworks/sn-cvs-use4-dig-shsvc-gke-np",
              "https://www.googleapis.com/compute/v1/projects/vpc-equinix-cvs/regions/us-west2/subnetworks/sn-cvs-usw2-dig-apigee-test-proxy",
              "https://www.googleapis.com/compute/v1/projects/vpc-equinix-cvs/regions/us-east4/subnetworks/sn-cvs-use4-dig-dfp-gke-qa2",
              "https://www.googleapis.com/compute/v1/projects/vpc-equinix-cvs/regions/us-east4/subnetworks/sn-cvs-use4-dig-spec-rx-gke-dev",
              "https://www.googleapis.com/compute/v1/projects/vpc-equinix-cvs/regions/us-east4/subnetworks/sn-cvs-use4-dig-ret-rx-vpcconn-np-1",
              "https://www.googleapis.com/compute/v1/projects/vpc-equinix-cvs/regions/us-east4/subnetworks/sn-cvs-use4-dig-spec-rx-cq-gke-dev",
              "https://www.googleapis.com/compute/v1/projects/vpc-equinix-cvs/regions/us-east4/subnetworks/sn-cvs-use4-dig-spec-rx-cq-pt",
              "https://www.googleapis.com/compute/v1/projects/vpc-equinix-cvs/regions/us-east4/subnetworks/sn-cvs-use4-dig-msg-gke-dev",
              "https://www.googleapis.com/compute/v1/projects/vpc-equinix-cvs/regions/us-east4/subnetworks/sn-cvs-use4-dig-health4life-np",
              "https://www.googleapis.com/compute/v1/projects/vpc-equinix-cvs/regions/us-east4/subnetworks/sn-cvs-use4-dig-spec-rx-cq-pt-mstr",
              "https://www.googleapis.com/compute/v1/projects/vpc-equinix-cvs/regions/us-east4/subnetworks/sn-cvs-use4-dig-dfp-gke-dev2",
              "https://www.googleapis.com/compute/v1/projects/vpc-equinix-cvs/regions/us-east4/subnetworks/sn-cvs-use4-dig-dfp-gke-qa",
              "https://www.googleapis.com/compute/v1/projects/vpc-equinix-cvs/regions/us-west2/subnetworks/sn-cvs-usw2-digital-mfe-pt-gke",
              "https://www.googleapis.com/compute/v1/projects/vpc-equinix-cvs/regions/us-west2/subnetworks/sn-cvs-usw2-dig-spec-rx-gke-pt",
              "https://www.googleapis.com/compute/v1/projects/vpc-equinix-cvs/regions/us-west2/subnetworks/sn-cvs-usw2-digital-vault-nprod",
              "https://www.googleapis.com/compute/v1/projects/vpc-equinix-cvs/regions/us-west2/subnetworks/sn-cvs-usw2-dig-ms-np-pt-dr",
              "https://www.googleapis.com/compute/v1/projects/vpc-equinix-cvs/regions/us-east4/subnetworks/sn-cvs-nb-use4-dig-ret-rx-gke-dev",
              "https://www.googleapis.com/compute/v1/projects/vpc-equinix-cvs/regions/us-east4/subnetworks/sn-cvs-use4-dig-ss-gke-pt",
              "https://www.googleapis.com/compute/v1/projects/vpc-equinix-cvs/regions/us-east4/subnetworks/sn-cvs-use4-dig-ste-gke-qa",
              "https://www.googleapis.com/compute/v1/projects/vpc-equinix-cvs/regions/us-east4/subnetworks/sn-cvs-use4-dig-ret-rx-gke-qa",
              "https://www.googleapis.com/compute/v1/projects/vpc-equinix-cvs/regions/us-east4/subnetworks/sn-cvs-use4-dig-bell-clc-pt",
              "https://www.googleapis.com/compute/v1/projects/vpc-equinix-cvs/regions/us-east4/subnetworks/sn-cvs-use4-dig-ste-gke-dev",
              "https://www.googleapis.com/compute/v1/projects/vpc-equinix-cvs/regions/us-east4/subnetworks/sn-cvs-use4-dig-spec-rx-cq-iris-dev",
              "https://www.googleapis.com/compute/v1/projects/vpc-equinix-cvs/regions/us-east4/subnetworks/sn-cvs-use4-dig-pbm-rx-pt-gke",
              "https://www.googleapis.com/compute/v1/projects/vpc-equinix-cvs/regions/us-east4/subnetworks/sn-cvs-use4-dig-shsvc-gke-qa",
              "https://www.googleapis.com/compute/v1/projects/vpc-equinix-cvs/regions/us-east4/subnetworks/sn-cvs-use4-mfe-pt-gke",
              "https://www.googleapis.com/compute/v1/projects/vpc-equinix-cvs/regions/us-west2/subnetworks/sn-cvs-usw2-dig-ss-gke-pt",
              "https://www.googleapis.com/compute/v1/projects/vpc-equinix-cvs/regions/us-east4/subnetworks/sn-cvs-use4-dig-spec-rx-cq-iris-qa",
              "https://www.googleapis.com/compute/v1/projects/vpc-equinix-cvs/regions/us-east4/subnetworks/sn-cvs-use4-dig-apg-lab",
              "https://www.googleapis.com/compute/v1/projects/vpc-equinix-cvs/regions/us-east4/subnetworks/sn-cvs-use4-dig-subscr-gke-qa",
              "https://www.googleapis.com/compute/v1/projects/vpc-equinix-cvs/regions/us-east4/subnetworks/sn-cvs-use4-dig-spec-rx-gke-qa",
              "https://www.googleapis.com/compute/v1/projects/vpc-equinix-cvs/regions/us-east4/subnetworks/sn-cvs-use4-dig-ste-gke-pt",
              "https://www.googleapis.com/compute/v1/projects/vpc-equinix-cvs/regions/us-east4/subnetworks/sn-cvs-use4-dig-bell-clc-dev",
              "https://www.googleapis.com/compute/v1/projects/vpc-equinix-cvs/regions/us-west2/subnetworks/sn-usw2-services",
              "https://www.googleapis.com/compute/v1/projects/vpc-equinix-cvs/regions/us-east4/subnetworks/sn-cvs-use4-dig-avs-dev",
              "https://www.googleapis.com/compute/v1/projects/vpc-equinix-cvs/regions/us-east4/subnetworks/sn-cvs-use4-fim-poc",
              "https://www.googleapis.com/compute/v1/projects/vpc-equinix-cvs/regions/us-east4/subnetworks/sn-cvs-use4-dig-spec-rx-cq-qa",
              "https://www.googleapis.com/compute/v1/projects/vpc-equinix-cvs/regions/us-east4/subnetworks/sn-use4-services",
              "https://www.googleapis.com/compute/v1/projects/vpc-equinix-cvs/regions/us-east4/subnetworks/sn-cvs-use4-dig-mc-gke-np",
              "https://www.googleapis.com/compute/v1/projects/vpc-equinix-cvs/regions/us-east4/subnetworks/sn-cvs-use4-digital-mfe-dev-gke",
              "https://www.googleapis.com/compute/v1/projects/vpc-equinix-cvs/regions/us-east4/subnetworks/sn-cvs-use4-dig-bell-clc-qa",
              "https://www.googleapis.com/compute/v1/projects/vpc-equinix-cvs/regions/us-west2/subnetworks/sn-usw2-fw",
              "https://www.googleapis.com/compute/v1/projects/vpc-equinix-cvs/regions/us-east4/subnetworks/sn-cvs-use4-dig-spec-rx-gke-pt",
              "https://www.googleapis.com/compute/v1/projects/vpc-equinix-cvs/regions/us-west2/subnetworks/sn-cvs-usw2-dig-pbm-rx-pt-gke",
              "https://www.googleapis.com/compute/v1/projects/vpc-equinix-cvs/regions/us-east4/subnetworks/sn-cvs-use4-dig-ret-rx-ice-dev-gke",
              "https://www.googleapis.com/compute/v1/projects/vpc-equinix-cvs/regions/us-east4/subnetworks/sn-cvs-use4-pbm-mac-lp-dev-ai-gke",
              "https://www.googleapis.com/compute/v1/projects/vpc-equinix-cvs/regions/us-east4/subnetworks/sn-cvs-use4-dig-ret-rx-vpcconn-pt-1",
              "https://www.googleapis.com/compute/v1/projects/vpc-equinix-cvs/regions/us-west2/subnetworks/sn-cvs-usw2-dig-ste-gke-pt",
              "https://www.googleapis.com/compute/v1/projects/vpc-equinix-cvs/regions/us-west2/subnetworks/sn-cvs-usw2-dig-msg-pt-gke",
              "https://www.googleapis.com/compute/v1/projects/vpc-equinix-cvs/regions/us-east4/subnetworks/sn-cvs-use4-dig-msg-pt-gke",
              "https://www.googleapis.com/compute/v1/projects/vpc-equinix-cvs/regions/us-east4/subnetworks/sn-cvs-use4-dig-ret-rx-gke-pt",
              "https://www.googleapis.com/compute/v1/projects/vpc-equinix-cvs/regions/us-west2/subnetworks/sn-cvs-usw2-dig-avs-gke-pt",
              "https://www.googleapis.com/compute/v1/projects/vpc-equinix-cvs/regions/us-east4/subnetworks/sn-cvs-use4-digital-mfe-qa-gke",
              "https://www.googleapis.com/compute/v1/projects/vpc-equinix-cvs/regions/us-west2/subnetworks/sn-cvs-usw2-dig-ret-rx-gke-pt",
              "https://www.googleapis.com/compute/v1/projects/vpc-equinix-cvs/regions/us-east4/subnetworks/sn-cvs-use4-dig-dfp-np",
              "https://www.googleapis.com/compute/v1/projects/vpc-equinix-cvs/regions/us-east4/subnetworks/sn-cvs-use4-pbm-mac-lp-dev-de",
              "https://www.googleapis.com/compute/v1/projects/vpc-equinix-cvs/regions/us-east4/subnetworks/sn-cvs-use4-rtl-payerag-dev-1",
              "https://www.googleapis.com/compute/v1/projects/vpc-equinix-cvs/regions/us-east4/subnetworks/sn-cvs-nb-use4-dig-msg-gke-lab",
              "https://www.googleapis.com/compute/v1/projects/vpc-equinix-cvs/regions/us-west2/subnetworks/sn-cvs-usw2-dig-spec-rx-cq-iris-pt-dr-arb",
              "https://www.googleapis.com/compute/v1/projects/vpc-equinix-cvs/regions/us-east4/subnetworks/sn-cvs-use4-dig-dfp-gke-dev3",
              "https://www.googleapis.com/compute/v1/projects/vpc-equinix-cvs/regions/us-east4/subnetworks/sn-cvs-use4-dig-dfp-gke-dev",
              "https://www.googleapis.com/compute/v1/projects/vpc-equinix-cvs/regions/us-east4/subnetworks/sn-cvs-use4-dig-msg-gke-qa",
              "https://www.googleapis.com/compute/v1/projects/vpc-equinix-cvs/regions/us-east4/subnetworks/sn-cvs-use4-dig-ret-rx-vpcconn-qa-1",
              "https://www.googleapis.com/compute/v1/projects/vpc-equinix-cvs/regions/us-east4/subnetworks/sn-cvs-use4-smrt-cmp-dev",
              "https://www.googleapis.com/compute/v1/projects/vpc-equinix-cvs/regions/us-east4/subnetworks/sn-cvs-use4-dig-apigee-test-lb-client",
              "https://www.googleapis.com/compute/v1/projects/vpc-equinix-cvs/regions/us-east4/subnetworks/sn-cvs-use4-digital-mfe-qa-vm",
              "https://www.googleapis.com/compute/v1/projects/vpc-equinix-cvs/regions/us-east4/subnetworks/sn-cvs-use4-dig-spec-rx-cq-iris-qa-arb",
              "https://www.googleapis.com/compute/v1/projects/vpc-equinix-cvs/regions/us-east4/subnetworks/sn-dummy10-143",
              "https://www.googleapis.com/compute/v1/projects/vpc-equinix-cvs/regions/us-east4/subnetworks/sn-cvs-use4-rtl-marketing-dev",
              "https://www.googleapis.com/compute/v1/projects/vpc-equinix-cvs/regions/us-east4/subnetworks/sn-cvs-use4-pbm-epa-psot-vpcconn-dev",
              "https://www.googleapis.com/compute/v1/projects/vpc-equinix-cvs/regions/us-west2/subnetworks/sn-cvs-usw2-dig-ret-rx-vpcconn-pt-1",
              "https://www.googleapis.com/compute/v1/projects/vpc-equinix-cvs/regions/us-west2/subnetworks/sn-cvs-usw2-dig-apigee-test-lb-client",
              "https://www.googleapis.com/compute/v1/projects/vpc-equinix-cvs/regions/us-east4/subnetworks/sn-use4-f5client",
              "https://www.googleapis.com/compute/v1/projects/vpc-equinix-cvs/regions/us-east4/subnetworks/sn-cvs-use4-digital-vault-nprod",
              "https://www.googleapis.com/compute/v1/projects/vpc-equinix-cvs/regions/us-east4/subnetworks/sn-use4-fw",
              "https://www.googleapis.com/compute/v1/projects/vpc-equinix-cvs/regions/us-east4/subnetworks/sn-cvs-use4-pbm-mac-lp-dev-de-dp",
              "https://www.googleapis.com/compute/v1/projects/vpc-equinix-cvs/regions/us-east4/subnetworks/sn-cvs-use4-digital-mfe-dev-vm",
              "https://www.googleapis.com/compute/v1/projects/vpc-equinix-cvs/regions/us-west2/subnetworks/sn-cvs-usw2-dig-spec-rx-cq-pt-dr-mstr",
              "https://www.googleapis.com/compute/v1/projects/vpc-equinix-cvs/regions/us-east4/subnetworks/sn-cvs-use4-pbm-epa-psot-nonprod",
              "https://www.googleapis.com/compute/v1/projects/vpc-equinix-cvs/regions/us-east4/subnetworks/sn-cvs-use4-dig-spec-rx-cq-iris-pt",
              "https://www.googleapis.com/compute/v1/projects/vpc-equinix-cvs/regions/us-west2/subnetworks/sn-usw2-f5client",
              "https://www.googleapis.com/compute/v1/projects/vpc-equinix-cvs/regions/us-east4/subnetworks/sn-cvs-use4-pbm-mcdh-poc",
              "https://www.googleapis.com/compute/v1/projects/vpc-equinix-cvs/regions/us-east4/subnetworks/aet-useast4-conn--cvs--use4--hub--np--1-sbnt",
              "https://www.googleapis.com/compute/v1/projects/vpc-equinix-cvs/regions/us-east4/subnetworks/sn-cvs-use4-dig-ret-rx-ice-pt-gke",
              "https://www.googleapis.com/compute/v1/projects/vpc-equinix-cvs/regions/us-east4/subnetworks/sn-cvs-use4-dig-apigee-test-proxy",
              "https://www.googleapis.com/compute/v1/projects/vpc-equinix-cvs/regions/us-west2/subnetworks/sn-cvs-usw2-vpc-connector-nonprod-1",
              "https://www.googleapis.com/compute/v1/projects/vpc-equinix-cvs/regions/us-west2/subnetworks/sn-cvs-usw2-dig-spec-rx-cq-iris-pt-dr",
              "https://www.googleapis.com/compute/v1/projects/vpc-equinix-cvs/regions/us-east4/subnetworks/sn-cvs-use4-dig-spec-rx-cq-iris-pt-arb",
              "https://www.googleapis.com/compute/v1/projects/vpc-equinix-cvs/regions/us-east4/subnetworks/sn-cvs-use4-vpc-connector-nonprod-2",
              "https://www.googleapis.com/compute/v1/projects/vpc-equinix-cvs/regions/us-east4/subnetworks/sn-cvs-use4-mfe-pt-vm",
              "https://www.googleapis.com/compute/v1/projects/vpc-equinix-cvs/regions/us-west2/subnetworks/sn-cvs-usw2-digital-mfe-pt-vm"
            ]
          },
          "sensitive_attributes": []
        }
      ]
    },
    {
      "mode": "managed",
      "type": "google_sql_database",
      "name": "default",
      "provider": "provider[\"registry.terraform.io/hashicorp/google\"]",
      "instances": [
        {
          "index_key": 0,
          "schema_version": 0,
          "attributes": {
            "charset": "utf8mb4",
            "collation": "utf8mb4_0900_ai_ci",
            "id": "projects/digital-microservices-prod/instances/clientapi-cte-mysql/databases/VoyagerSDK",
            "instance": "clientapi-cte-mysql",
            "name": "VoyagerSDK",
            "project": "digital-microservices-prod",
            "self_link": "https://sqladmin.googleapis.com/sql/v1beta4/projects/digital-microservices-prod/instances/clientapi-cte-mysql/databases/VoyagerSDK",
            "timeouts": null
          },
          "sensitive_attributes": [],
          "private": "eyJlMmJmYjczMC1lY2FhLTExZTYtOGY4OC0zNDM2M2JjN2M0YzAiOnsiY3JlYXRlIjo5MDAwMDAwMDAwMDAsImRlbGV0ZSI6NjAwMDAwMDAwMDAwLCJ1cGRhdGUiOjYwMDAwMDAwMDAwMH19",
          "dependencies": [
            "data.google_compute_network.mysql_network",
            "google_sql_database_instance.default",
            "null_resource.module_depends_on",
            "random_id.suffix"
          ]
        }
      ]
    },
    {
      "mode": "managed",
      "type": "google_sql_database_instance",
      "name": "default",
      "provider": "provider[\"registry.terraform.io/hashicorp/google-beta\"]",
      "instances": [
        {
          "schema_version": 0,
          "attributes": {
            "clone": [],
            "connection_name": "digital-microservices-prod:us-east4:clientapi-cte-mysql",
            "database_version": "MYSQL_8_0",
            "deletion_protection": false,
            "encryption_key_name": null,
            "first_ip_address": "10.158.253.9",
            "id": "clientapi-cte-mysql",
            "ip_address": [
              {
                "ip_address": "10.158.253.9",
                "time_to_retire": "",
                "type": "PRIVATE"
              }
            ],
            "master_instance_name": "",
            "name": "clientapi-cte-mysql",
            "private_ip_address": "10.158.253.9",
            "project": "digital-microservices-prod",
            "public_ip_address": "",
            "region": "us-east4",
            "replica_configuration": [],
            "restore_backup_context": [],
            "root_password": null,
            "self_link": "https://sqladmin.googleapis.com/sql/v1beta4/projects/digital-microservices-prod/instances/clientapi-cte-mysql",
            "server_ca_cert": [
              {
                "cert": "-----BEGIN CERTIFICATE-----\nMIIDfzCCAmegAwIBAgIBADANBgkqhkiG9w0BAQsFADB3MS0wKwYDVQQuEyRkOTkx\nMmU5Ny1lYjQ1LTRiN2MtOTJiYi1kYjM0MTNmMTdhYTYxIzAhBgNVBAMTGkdvb2ds\nZSBDbG91ZCBTUUwgU2VydmVyIENBMRQwEgYDVQQKEwtHb29nbGUsIEluYzELMAkG\nA1UEBhMCVVMwHhcNMjExMDEzMDIzODMzWhcNMzExMDExMDIzOTMzWjB3MS0wKwYD\nVQQuEyRkOTkxMmU5Ny1lYjQ1LTRiN2MtOTJiYi1kYjM0MTNmMTdhYTYxIzAhBgNV\nBAMTGkdvb2dsZSBDbG91ZCBTUUwgU2VydmVyIENBMRQwEgYDVQQKEwtHb29nbGUs\nIEluYzELMAkGA1UEBhMCVVMwggEiMA0GCSqGSIb3DQEBAQUAA4IBDwAwggEKAoIB\nAQCCIRCMUuj++YC2KeHINNVl9YqhPklweTSmlWMVSFqa2tYAOPVqiWX+qaMcJkfM\nR0aXjnPfM532XBc2cRkRrB423GFb1nST2DtnYkzvf9KaGEK+fLLID20k0dmG4xH8\n4/lT4RGiBIZkf3ko1VVSyySFmWtaEGMKNLaGuHfdMXvIiJo+dCB13qBKV4zbERon\n5uICyiGSN9OmpEzYkyymV53f2G2A/5T6UKpL5p9veStT8dPAOf1SE0SsRIq9mvyV\nqZpGQ8A00cxefJKD7C1QTJ7/yicy5bfdNsscCDjALnj2VGZgGSnFEeUWmInQWO4R\nfK8Mt1UYzyMBT1xAlTEWVMINAgMBAAGjFjAUMBIGA1UdEwEB/wQIMAYBAf8CAQAw\nDQYJKoZIhvcNAQELBQADggEBAF0TTKKT0IYBolW5+MfsZ/8Zcttm9EkDWj9UgwiE\np8JTFWKVcv+HXjcz+GMSXfhgwFFx3gmofUUqZkb7FlH2PcXWNcBy5wXv7Q9OYZav\n8d2dYDjA7ArtRLSLrkbqoXyKtb5GsGdPspWNcN+WnSVA0aRotQ1voqfmrX5IwDrc\n/2m+PiWIuKuMFmlr3EALCxRUkUt+KGHYxwDOpuKYRvzB4sUHwHffJeqpf19CXehT\n/0uLDd2XJolXrmC5qqYNVY9RupN3AjxVT5xWnhAIg5Yc7gFCNdby3R9m/MAewF4Q\n0A8YlMvwZPfxkH9gzTMbJXI3BzSmT656jNOessRpQaoL1Xk=\n-----END CERTIFICATE-----",
                "common_name": "C=US,O=Google\\, Inc,CN=Google Cloud SQL Server CA,dnQualifier=d9912e97-eb45-4b7c-92bb-db3413f17aa6",
                "create_time": "2021-10-13T02:38:33.929Z",
                "expiration_time": "2031-10-11T02:39:33.929Z",
                "sha1_fingerprint": "3fea0c8b5546ca462ece6fb7830d440bcf7c641d"
              }
            ],
            "service_account_email_address": "p839689824562-mygi9f@gcp-sa-cloud-sql.iam.gserviceaccount.com",
            "settings": [
              {
                "activation_policy": "ALWAYS",
                "authorized_gae_applications": [],
                "availability_type": "ZONAL",
                "backup_configuration": [
                  {
                    "backup_retention_settings": [
                      {
                        "retained_backups": 7,
                        "retention_unit": "COUNT"
                      }
                    ],
                    "binary_log_enabled": false,
                    "enabled": false,
                    "location": "",
                    "point_in_time_recovery_enabled": false,
                    "start_time": "04:00",
                    "transaction_log_retention_days": 7
                  }
                ],
                "collation": "",
                "crash_safe_replication": false,
                "database_flags": [],
                "disk_autoresize": true,
                "disk_autoresize_limit": 0,
                "disk_size": 10,
                "disk_type": "PD_SSD",
                "insights_config": [],
                "ip_configuration": [
                  {
                    "authorized_networks": [],
                    "ipv4_enabled": false,
                    "private_network": "projects/vpc-equinix-cvs/global/networks/vpc-cvs-hub-nonprod-1",
                    "require_ssl": false
                  }
                ],
                "location_preference": [
                  {
                    "follow_gae_application": "",
                    "zone": "us-east4-b"
                  }
                ],
                "maintenance_window": [
                  {
                    "day": 6,
                    "hour": 23,
                    "update_track": "canary"
                  }
                ],
                "pricing_plan": "PER_USE",
                "replication_type": "SYNCHRONOUS",
                "tier": "db-n1-standard-1",
                "user_labels": {
                  "app": "clientapi",
                  "costcenter": "digital",
                  "env": "cte",
                  "itpr": "itpr048274"
                },
                "version": 1
              }
            ],
            "timeouts": {
              "create": "10m",
              "delete": "10m",
              "update": "10m"
            }
          },
          "sensitive_attributes": [],
          "private": "eyJlMmJmYjczMC1lY2FhLTExZTYtOGY4OC0zNDM2M2JjN2M0YzAiOnsiY3JlYXRlIjo2MDAwMDAwMDAwMDAsImRlbGV0ZSI6NjAwMDAwMDAwMDAwLCJ1cGRhdGUiOjYwMDAwMDAwMDAwMH19",
          "dependencies": [
            "data.google_compute_network.mysql_network",
            "null_resource.module_depends_on",
            "random_id.suffix"
          ]
        }
      ]
    },
    {
      "mode": "managed",
      "type": "google_sql_user",
      "name": "default",
      "provider": "provider[\"registry.terraform.io/hashicorp/google\"]",
      "instances": [
        {
          "index_key": 0,
          "schema_version": 1,
          "attributes": {
            "deletion_policy": null,
            "host": "%",
            "id": "clientapi/%/clientapi-cte-mysql",
            "instance": "clientapi-cte-mysql",
            "name": "clientapi",
            "password": "-350Mx",
            "project": "digital-microservices-prod",
            "timeouts": null,
            "type": ""
          },
          "sensitive_attributes": [],
          "private": "eyJlMmJmYjczMC1lY2FhLTExZTYtOGY4OC0zNDM2M2JjN2M0YzAiOnsiY3JlYXRlIjo2MDAwMDAwMDAwMDAsImRlbGV0ZSI6NjAwMDAwMDAwMDAwLCJ1cGRhdGUiOjYwMDAwMDAwMDAwMH0sInNjaGVtYV92ZXJzaW9uIjoiMSJ9",
          "dependencies": [
            "data.google_compute_network.mysql_network",
            "google_sql_database_instance.default",
            "null_resource.module_depends_on",
            "random_id.suffix",
            "random_id.user-password"
          ]
        }
      ]
    },
    {
      "mode": "managed",
      "type": "null_resource",
      "name": "module_depends_on",
      "provider": "provider[\"registry.terraform.io/hashicorp/null\"]",
      "instances": [
        {
          "schema_version": 0,
          "attributes": {
            "id": "4800828685410723047",
            "triggers": {
              "value": "0"
            }
          },
          "sensitive_attributes": [],
          "private": "bnVsbA=="
        }
      ]
    },
    {
      "mode": "managed",
      "type": "random_id",
      "name": "user-password",
      "provider": "provider[\"registry.terraform.io/hashicorp/random\"]",
      "instances": [
        {
          "schema_version": 0,
          "attributes": {
            "b64_std": "sa+7b7HgA94=",
            "b64_url": "sa-7b7HgA94",
            "byte_length": 8,
            "dec": "12803658354037621726",
            "hex": "b1afbb6fb1e003de",
            "id": "sa-7b7HgA94",
            "keepers": {
              "name": "clientapi-cte-mysql"
            },
            "prefix": null
          },
          "sensitive_attributes": [],
          "private": "bnVsbA==",
          "dependencies": [
            "data.google_compute_network.mysql_network",
            "google_sql_database_instance.default",
            "null_resource.module_depends_on",
            "random_id.suffix"
          ]
        }
      ]
    }
  ]
}
